
Microsoft Visual Studio Solution File, Format Version 12.00
# Visual Studio Version 17
VisualStudioVersion = 17.3.32922.545
MinimumVisualStudioVersion = 10.0.40219.1
Project("{FAE04EC0-301F-11D3-BF4B-00C04F79EFBC}") = "ProgramMatrizes05", "ProgramMatrizes05\ProgramMatrizes05.csproj", "{B7F97582-D64B-4FFC-86D0-3C83EDE46086}"
EndProject
Global
	GlobalSection(SolutionConfigurationPlatforms) = preSolution
		Debug|Any CPU = Debug|Any CPU
		Release|Any CPU = Release|Any CPU
	EndGlobalSection
	GlobalSection(ProjectConfigurationPlatforms) = postSolution
		{B7F97582-D64B-4FFC-86D0-3C83EDE46086}.Debug|Any CPU.ActiveCfg = Debug|Any CPU
		{B7F97582-D64B-4FFC-86D0-3C83EDE46086}.Debug|Any CPU.Build.0 = Debug|Any CPU
		{B7F97582-D64B-4FFC-86D0-3C83EDE46086}.Release|Any CPU.ActiveCfg = Release|Any CPU
		{B7F97582-D64B-4FFC-86D0-3C83EDE46086}.Release|Any CPU.Build.0 = Release|Any CPU
	EndGlobalSection
	GlobalSection(SolutionProperties) = preSolution
		HideSolutionNode = FALSE
	EndGlobalSection
	GlobalSection(ExtensibilityGlobals) = postSolution
		SolutionGuid = {78C0999A-B2BA-4712-95A8-26411A21F272}
	EndGlobalSection
EndGlobal
