
Microsoft Visual Studio Solution File, Format Version 12.00
# Visual Studio Version 17
VisualStudioVersion = 17.3.32922.545
MinimumVisualStudioVersion = 10.0.40219.1
Project("{FAE04EC0-301F-11D3-BF4B-00C04F79EFBC}") = "ProgramMatrizes04", "ProgramMatrizes04\ProgramMatrizes04.csproj", "{6E99B847-30A8-4354-97E8-985F2D35E33E}"
EndProject
Global
	GlobalSection(SolutionConfigurationPlatforms) = preSolution
		Debug|Any CPU = Debug|Any CPU
		Release|Any CPU = Release|Any CPU
	EndGlobalSection
	GlobalSection(ProjectConfigurationPlatforms) = postSolution
		{6E99B847-30A8-4354-97E8-985F2D35E33E}.Debug|Any CPU.ActiveCfg = Debug|Any CPU
		{6E99B847-30A8-4354-97E8-985F2D35E33E}.Debug|Any CPU.Build.0 = Debug|Any CPU
		{6E99B847-30A8-4354-97E8-985F2D35E33E}.Release|Any CPU.ActiveCfg = Release|Any CPU
		{6E99B847-30A8-4354-97E8-985F2D35E33E}.Release|Any CPU.Build.0 = Release|Any CPU
	EndGlobalSection
	GlobalSection(SolutionProperties) = preSolution
		HideSolutionNode = FALSE
	EndGlobalSection
	GlobalSection(ExtensibilityGlobals) = postSolution
		SolutionGuid = {7C8E92E1-3244-4573-9C45-8EA73345CE5A}
	EndGlobalSection
EndGlobal
